// !$*UTF8*$!
{
	archiveVersion = 1;
	classes = {
	};
	objectVersion = 50;
	objects = {

/* Begin PBXBuildFile section */
		83E16851220C7DDC00D68E6D /* AppDelegate.swift in Sources */ = {isa = PBXBuildFile; fileRef = 83E16850220C7DDC00D68E6D /* AppDelegate.swift */; };
		83E16853220C7DDC00D68E6D /* FirstViewController.swift in Sources */ = {isa = PBXBuildFile; fileRef = 83E16852220C7DDC00D68E6D /* FirstViewController.swift */; };
		83E16856220C7DDC00D68E6D /* Main.storyboard in Resources */ = {isa = PBXBuildFile; fileRef = 83E16854220C7DDC00D68E6D /* Main.storyboard */; };
		83E16858220C7DE100D68E6D /* Assets.xcassets in Resources */ = {isa = PBXBuildFile; fileRef = 83E16857220C7DE100D68E6D /* Assets.xcassets */; };
		83E1685B220C7DE100D68E6D /* LaunchScreen.storyboard in Resources */ = {isa = PBXBuildFile; fileRef = 83E16859220C7DE100D68E6D /* LaunchScreen.storyboard */; };
		83E16866220C7DE100D68E6D /* CustomTBTests.swift in Sources */ = {isa = PBXBuildFile; fileRef = 83E16865220C7DE100D68E6D /* CustomTBTests.swift */; };
		83E16871220C7DE100D68E6D /* CustomTBUITests.swift in Sources */ = {isa = PBXBuildFile; fileRef = 83E16870220C7DE100D68E6D /* CustomTBUITests.swift */; };
		83E1687F220C7E2500D68E6D /* SecondViewController.swift in Sources */ = {isa = PBXBuildFile; fileRef = 83E1687E220C7E2500D68E6D /* SecondViewController.swift */; };
		83E16881220C7E3700D68E6D /* ThirdViewController.swift in Sources */ = {isa = PBXBuildFile; fileRef = 83E16880220C7E3700D68E6D /* ThirdViewController.swift */; };
		83E16883220C7E4D00D68E6D /* FourthViewController.swift in Sources */ = {isa = PBXBuildFile; fileRef = 83E16882220C7E4D00D68E6D /* FourthViewController.swift */; };
		83E16887220C80CF00D68E6D /* CustomizedTabBar.swift in Sources */ = {isa = PBXBuildFile; fileRef = 83E16886220C80CF00D68E6D /* CustomizedTabBar.swift */; };
		83E16889220C819800D68E6D /* DashBoardBaseViewController.swift in Sources */ = {isa = PBXBuildFile; fileRef = 83E16888220C819800D68E6D /* DashBoardBaseViewController.swift */; };
		83E1688B220C84E500D68E6D /* bell_icon@3x.png in Resources */ = {isa = PBXBuildFile; fileRef = 83E1688A220C84E500D68E6D /* bell_icon@3x.png */; };
		83E1688D220E94E800D68E6D /* ChartsCollectionViewCell.swift in Sources */ = {isa = PBXBuildFile; fileRef = 83E1688C220E94E800D68E6D /* ChartsCollectionViewCell.swift */; };
		83E16891220EA36E00D68E6D /* DetailsViewController.swift in Sources */ = {isa = PBXBuildFile; fileRef = 83E16890220EA36E00D68E6D /* DetailsViewController.swift */; };
		83E16893220EC7F700D68E6D /* IntroViewController.swift in Sources */ = {isa = PBXBuildFile; fileRef = 83E16892220EC7F700D68E6D /* IntroViewController.swift */; };
		83E16895220ECC9100D68E6D /* MyTabViewController.swift in Sources */ = {isa = PBXBuildFile; fileRef = 83E16894220ECC9100D68E6D /* MyTabViewController.swift */; };
/* End PBXBuildFile section */

/* Begin PBXContainerItemProxy section */
		83E16862220C7DE100D68E6D /* PBXContainerItemProxy */ = {
			isa = PBXContainerItemProxy;
			containerPortal = 83E16845220C7DDC00D68E6D /* Project object */;
			proxyType = 1;
			remoteGlobalIDString = 83E1684C220C7DDC00D68E6D;
			remoteInfo = CustomTB;
		};
		83E1686D220C7DE100D68E6D /* PBXContainerItemProxy */ = {
			isa = PBXContainerItemProxy;
			containerPortal = 83E16845220C7DDC00D68E6D /* Project object */;
			proxyType = 1;
			remoteGlobalIDString = 83E1684C220C7DDC00D68E6D;
			remoteInfo = CustomTB;
		};
/* End PBXContainerItemProxy section */

/* Begin PBXFileReference section */
		83E1684D220C7DDC00D68E6D /* CustomTB.app */ = {isa = PBXFileReference; explicitFileType = wrapper.application; includeInIndex = 0; path = CustomTB.app; sourceTree = BUILT_PRODUCTS_DIR; };
		83E16850220C7DDC00D68E6D /* AppDelegate.swift */ = {isa = PBXFileReference; lastKnownFileType = sourcecode.swift; path = AppDelegate.swift; sourceTree = "<group>"; };
		83E16852220C7DDC00D68E6D /* FirstViewController.swift */ = {isa = PBXFileReference; lastKnownFileType = sourcecode.swift; path = FirstViewController.swift; sourceTree = "<group>"; };
		83E16855220C7DDC00D68E6D /* Base */ = {isa = PBXFileReference; lastKnownFileType = file.storyboard; name = Base; path = Base.lproj/Main.storyboard; sourceTree = "<group>"; };
		83E16857220C7DE100D68E6D /* Assets.xcassets */ = {isa = PBXFileReference; lastKnownFileType = folder.assetcatalog; path = Assets.xcassets; sourceTree = "<group>"; };
		83E1685A220C7DE100D68E6D /* Base */ = {isa = PBXFileReference; lastKnownFileType = file.storyboard; name = Base; path = Base.lproj/LaunchScreen.storyboard; sourceTree = "<group>"; };
		83E1685C220C7DE100D68E6D /* Info.plist */ = {isa = PBXFileReference; lastKnownFileType = text.plist.xml; path = Info.plist; sourceTree = "<group>"; };
		83E16861220C7DE100D68E6D /* CustomTBTests.xctest */ = {isa = PBXFileReference; explicitFileType = wrapper.cfbundle; includeInIndex = 0; path = CustomTBTests.xctest; sourceTree = BUILT_PRODUCTS_DIR; };
		83E16865220C7DE100D68E6D /* CustomTBTests.swift */ = {isa = PBXFileReference; lastKnownFileType = sourcecode.swift; path = CustomTBTests.swift; sourceTree = "<group>"; };
		83E16867220C7DE100D68E6D /* Info.plist */ = {isa = PBXFileReference; lastKnownFileType = text.plist.xml; path = Info.plist; sourceTree = "<group>"; };
		83E1686C220C7DE100D68E6D /* CustomTBUITests.xctest */ = {isa = PBXFileReference; explicitFileType = wrapper.cfbundle; includeInIndex = 0; path = CustomTBUITests.xctest; sourceTree = BUILT_PRODUCTS_DIR; };
		83E16870220C7DE100D68E6D /* CustomTBUITests.swift */ = {isa = PBXFileReference; lastKnownFileType = sourcecode.swift; path = CustomTBUITests.swift; sourceTree = "<group>"; };
		83E16872220C7DE100D68E6D /* Info.plist */ = {isa = PBXFileReference; lastKnownFileType = text.plist.xml; path = Info.plist; sourceTree = "<group>"; };
		83E1687E220C7E2500D68E6D /* SecondViewController.swift */ = {isa = PBXFileReference; lastKnownFileType = sourcecode.swift; path = SecondViewController.swift; sourceTree = "<group>"; };
		83E16880220C7E3700D68E6D /* ThirdViewController.swift */ = {isa = PBXFileReference; lastKnownFileType = sourcecode.swift; path = ThirdViewController.swift; sourceTree = "<group>"; };
		83E16882220C7E4D00D68E6D /* FourthViewController.swift */ = {isa = PBXFileReference; lastKnownFileType = sourcecode.swift; path = FourthViewController.swift; sourceTree = "<group>"; };
		83E16886220C80CF00D68E6D /* CustomizedTabBar.swift */ = {isa = PBXFileReference; fileEncoding = 4; lastKnownFileType = sourcecode.swift; path = CustomizedTabBar.swift; sourceTree = "<group>"; };
		83E16888220C819800D68E6D /* DashBoardBaseViewController.swift */ = {isa = PBXFileReference; fileEncoding = 4; lastKnownFileType = sourcecode.swift; path = DashBoardBaseViewController.swift; sourceTree = "<group>"; };
		83E1688A220C84E500D68E6D /* bell_icon@3x.png */ = {isa = PBXFileReference; lastKnownFileType = image.png; path = "bell_icon@3x.png"; sourceTree = "<group>"; };
		83E1688C220E94E800D68E6D /* ChartsCollectionViewCell.swift */ = {isa = PBXFileReference; lastKnownFileType = sourcecode.swift; path = ChartsCollectionViewCell.swift; sourceTree = "<group>"; };
		83E16890220EA36E00D68E6D /* DetailsViewController.swift */ = {isa = PBXFileReference; lastKnownFileType = sourcecode.swift; path = DetailsViewController.swift; sourceTree = "<group>"; };
		83E16892220EC7F700D68E6D /* IntroViewController.swift */ = {isa = PBXFileReference; lastKnownFileType = sourcecode.swift; path = IntroViewController.swift; sourceTree = "<group>"; };
		83E16894220ECC9100D68E6D /* MyTabViewController.swift */ = {isa = PBXFileReference; lastKnownFileType = sourcecode.swift; path = MyTabViewController.swift; sourceTree = "<group>"; };
/* End PBXFileReference section */

/* Begin PBXFrameworksBuildPhase section */
		83E1684A220C7DDC00D68E6D /* Frameworks */ = {
			isa = PBXFrameworksBuildPhase;
			buildActionMask = 2147483647;
			files = (
			);
			runOnlyForDeploymentPostprocessing = 0;
		};
		83E1685E220C7DE100D68E6D /* Frameworks */ = {
			isa = PBXFrameworksBuildPhase;
			buildActionMask = 2147483647;
			files = (
			);
			runOnlyForDeploymentPostprocessing = 0;
		};
		83E16869220C7DE100D68E6D /* Frameworks */ = {
			isa = PBXFrameworksBuildPhase;
			buildActionMask = 2147483647;
			files = (
			);
			runOnlyForDeploymentPostprocessing = 0;
		};
/* End PBXFrameworksBuildPhase section */

/* Begin PBXGroup section */
		83E16844220C7DDC00D68E6D = {
			isa = PBXGroup;
			children = (
				83E1684F220C7DDC00D68E6D /* CustomTB */,
				83E16864220C7DE100D68E6D /* CustomTBTests */,
				83E1686F220C7DE100D68E6D /* CustomTBUITests */,
				83E1684E220C7DDC00D68E6D /* Products */,
			);
			sourceTree = "<group>";
		};
		83E1684E220C7DDC00D68E6D /* Products */ = {
			isa = PBXGroup;
			children = (
				83E1684D220C7DDC00D68E6D /* CustomTB.app */,
				83E16861220C7DE100D68E6D /* CustomTBTests.xctest */,
				83E1686C220C7DE100D68E6D /* CustomTBUITests.xctest */,
			);
			name = Products;
			sourceTree = "<group>";
		};
		83E1684F220C7DDC00D68E6D /* CustomTB */ = {
			isa = PBXGroup;
			children = (
				83E16850220C7DDC00D68E6D /* AppDelegate.swift */,
				83E16894220ECC9100D68E6D /* MyTabViewController.swift */,
				83E16852220C7DDC00D68E6D /* FirstViewController.swift */,
				83E1687E220C7E2500D68E6D /* SecondViewController.swift */,
				83E16880220C7E3700D68E6D /* ThirdViewController.swift */,
				83E16882220C7E4D00D68E6D /* FourthViewController.swift */,
				83E16886220C80CF00D68E6D /* CustomizedTabBar.swift */,
				83E16888220C819800D68E6D /* DashBoardBaseViewController.swift */,
				83E1688C220E94E800D68E6D /* ChartsCollectionViewCell.swift */,
				83E16890220EA36E00D68E6D /* DetailsViewController.swift */,
				83E16892220EC7F700D68E6D /* IntroViewController.swift */,
				83E16857220C7DE100D68E6D /* Assets.xcassets */,
				83E16854220C7DDC00D68E6D /* Main.storyboard */,
				83E1688A220C84E500D68E6D /* bell_icon@3x.png */,
				83E16859220C7DE100D68E6D /* LaunchScreen.storyboard */,
				83E1685C220C7DE100D68E6D /* Info.plist */,
			);
			path = CustomTB;
			sourceTree = "<group>";
		};
		83E16864220C7DE100D68E6D /* CustomTBTests */ = {
			isa = PBXGroup;
			children = (
				83E16865220C7DE100D68E6D /* CustomTBTests.swift */,
				83E16867220C7DE100D68E6D /* Info.plist */,
			);
			path = CustomTBTests;
			sourceTree = "<group>";
		};
		83E1686F220C7DE100D68E6D /* CustomTBUITests */ = {
			isa = PBXGroup;
			children = (
				83E16870220C7DE100D68E6D /* CustomTBUITests.swift */,
				83E16872220C7DE100D68E6D /* Info.plist */,
			);
			path = CustomTBUITests;
			sourceTree = "<group>";
		};
/* End PBXGroup section */

/* Begin PBXNativeTarget section */
		83E1684C220C7DDC00D68E6D /* CustomTB */ = {
			isa = PBXNativeTarget;
			buildConfigurationList = 83E16875220C7DE100D68E6D /* Build configuration list for PBXNativeTarget "CustomTB" */;
			buildPhases = (
				83E16849220C7DDC00D68E6D /* Sources */,
				83E1684A220C7DDC00D68E6D /* Frameworks */,
				83E1684B220C7DDC00D68E6D /* Resources */,
			);
			buildRules = (
			);
			dependencies = (
			);
			name = CustomTB;
			productName = CustomTB;
			productReference = 83E1684D220C7DDC00D68E6D /* CustomTB.app */;
			productType = "com.apple.product-type.application";
		};
		83E16860220C7DE100D68E6D /* CustomTBTests */ = {
			isa = PBXNativeTarget;
			buildConfigurationList = 83E16878220C7DE100D68E6D /* Build configuration list for PBXNativeTarget "CustomTBTests" */;
			buildPhases = (
				83E1685D220C7DE100D68E6D /* Sources */,
				83E1685E220C7DE100D68E6D /* Frameworks */,
				83E1685F220C7DE100D68E6D /* Resources */,
			);
			buildRules = (
			);
			dependencies = (
				83E16863220C7DE100D68E6D /* PBXTargetDependency */,
			);
			name = CustomTBTests;
			productName = CustomTBTests;
			productReference = 83E16861220C7DE100D68E6D /* CustomTBTests.xctest */;
			productType = "com.apple.product-type.bundle.unit-test";
		};
		83E1686B220C7DE100D68E6D /* CustomTBUITests */ = {
			isa = PBXNativeTarget;
			buildConfigurationList = 83E1687B220C7DE100D68E6D /* Build configuration list for PBXNativeTarget "CustomTBUITests" */;
			buildPhases = (
				83E16868220C7DE100D68E6D /* Sources */,
				83E16869220C7DE100D68E6D /* Frameworks */,
				83E1686A220C7DE100D68E6D /* Resources */,
			);
			buildRules = (
			);
			dependencies = (
				83E1686E220C7DE100D68E6D /* PBXTargetDependency */,
			);
			name = CustomTBUITests;
			productName = CustomTBUITests;
			productReference = 83E1686C220C7DE100D68E6D /* CustomTBUITests.xctest */;
			productType = "com.apple.product-type.bundle.ui-testing";
		};
/* End PBXNativeTarget section */

/* Begin PBXProject section */
		83E16845220C7DDC00D68E6D /* Project object */ = {
			isa = PBXProject;
			attributes = {
				LastSwiftUpdateCheck = 1010;
				LastUpgradeCheck = 1010;
				ORGANIZATIONNAME = Sudhakar;
				TargetAttributes = {
					83E1684C220C7DDC00D68E6D = {
						CreatedOnToolsVersion = 10.1;
					};
					83E16860220C7DE100D68E6D = {
						CreatedOnToolsVersion = 10.1;
						TestTargetID = 83E1684C220C7DDC00D68E6D;
					};
					83E1686B220C7DE100D68E6D = {
						CreatedOnToolsVersion = 10.1;
						TestTargetID = 83E1684C220C7DDC00D68E6D;
					};
				};
			};
			buildConfigurationList = 83E16848220C7DDC00D68E6D /* Build configuration list for PBXProject "CustomTB" */;
			compatibilityVersion = "Xcode 9.3";
			developmentRegion = en;
			hasScannedForEncodings = 0;
			knownRegions = (
				en,
				Base,
			);
			mainGroup = 83E16844220C7DDC00D68E6D;
			productRefGroup = 83E1684E220C7DDC00D68E6D /* Products */;
			projectDirPath = "";
			projectRoot = "";
			targets = (
				83E1684C220C7DDC00D68E6D /* CustomTB */,
				83E16860220C7DE100D68E6D /* CustomTBTests */,
				83E1686B220C7DE100D68E6D /* CustomTBUITests */,
			);
		};
/* End PBXProject section */

/* Begin PBXResourcesBuildPhase section */
		83E1684B220C7DDC00D68E6D /* Resources */ = {
			isa = PBXResourcesBuildPhase;
			buildActionMask = 2147483647;
			files = (
				83E1685B220C7DE100D68E6D /* LaunchScreen.storyboard in Resources */,
				83E1688B220C84E500D68E6D /* bell_icon@3x.png in Resources */,
				83E16858220C7DE100D68E6D /* Assets.xcassets in Resources */,
				83E16856220C7DDC00D68E6D /* Main.storyboard in Resources */,
			);
			runOnlyForDeploymentPostprocessing = 0;
		};
		83E1685F220C7DE100D68E6D /* Resources */ = {
			isa = PBXResourcesBuildPhase;
			buildActionMask = 2147483647;
			files = (
			);
			runOnlyForDeploymentPostprocessing = 0;
		};
		83E1686A220C7DE100D68E6D /* Resources */ = {
			isa = PBXResourcesBuildPhase;
			buildActionMask = 2147483647;
			files = (
			);
			runOnlyForDeploymentPostprocessing = 0;
		};
/* End PBXResourcesBuildPhase section */

/* Begin PBXSourcesBuildPhase section */
		83E16849220C7DDC00D68E6D /* Sources */ = {
			isa = PBXSourcesBuildPhase;
			buildActionMask = 2147483647;
			files = (
				83E1687F220C7E2500D68E6D /* SecondViewController.swift in Sources */,
				83E16887220C80CF00D68E6D /* CustomizedTabBar.swift in Sources */,
				83E16891220EA36E00D68E6D /* DetailsViewController.swift in Sources */,
				83E16889220C819800D68E6D /* DashBoardBaseViewController.swift in Sources */,
				83E16853220C7DDC00D68E6D /* FirstViewController.swift in Sources */,
				83E16893220EC7F700D68E6D /* IntroViewController.swift in Sources */,
				83E16881220C7E3700D68E6D /* ThirdViewController.swift in Sources */,
				83E1688D220E94E800D68E6D /* ChartsCollectionViewCell.swift in Sources */,
				83E16851220C7DDC00D68E6D /* AppDelegate.swift in Sources */,
				83E16883220C7E4D00D68E6D /* FourthViewController.swift in Sources */,
				83E16895220ECC9100D68E6D /* MyTabViewController.swift in Sources */,
			);
			runOnlyForDeploymentPostprocessing = 0;
		};
		83E1685D220C7DE100D68E6D /* Sources */ = {
			isa = PBXSourcesBuildPhase;
			buildActionMask = 2147483647;
			files = (
				83E16866220C7DE100D68E6D /* CustomTBTests.swift in Sources */,
			);
			runOnlyForDeploymentPostprocessing = 0;
		};
		83E16868220C7DE100D68E6D /* Sources */ = {
			isa = PBXSourcesBuildPhase;
			buildActionMask = 2147483647;
			files = (
				83E16871220C7DE100D68E6D /* CustomTBUITests.swift in Sources */,
			);
			runOnlyForDeploymentPostprocessing = 0;
		};
/* End PBXSourcesBuildPhase section */

/* Begin PBXTargetDependency section */
		83E16863220C7DE100D68E6D /* PBXTargetDependency */ = {
			isa = PBXTargetDependency;
			target = 83E1684C220C7DDC00D68E6D /* CustomTB */;
			targetProxy = 83E16862220C7DE100D68E6D /* PBXContainerItemProxy */;
		};
		83E1686E220C7DE100D68E6D /* PBXTargetDependency */ = {
			isa = PBXTargetDependency;
			target = 83E1684C220C7DDC00D68E6D /* CustomTB */;
			targetProxy = 83E1686D220C7DE100D68E6D /* PBXContainerItemProxy */;
		};
/* End PBXTargetDependency section */

/* Begin PBXVariantGroup section */
		83E16854220C7DDC00D68E6D /* Main.storyboard */ = {
			isa = PBXVariantGroup;
			children = (
				83E16855220C7DDC00D68E6D /* Base */,
			);
			name = Main.storyboard;
			sourceTree = "<group>";
		};
		83E16859220C7DE100D68E6D /* LaunchScreen.storyboard */ = {
			isa = PBXVariantGroup;
			children = (
				83E1685A220C7DE100D68E6D /* Base */,
			);
			name = LaunchScreen.storyboard;
			sourceTree = "<group>";
		};
/* End PBXVariantGroup section */

/* Begin XCBuildConfiguration section */
		83E16873220C7DE100D68E6D /* Debug */ = {
			isa = XCBuildConfiguration;
			buildSettings = {
				ALWAYS_SEARCH_USER_PATHS = NO;
				CLANG_ANALYZER_NONNULL = YES;
				CLANG_ANALYZER_NUMBER_OBJECT_CONVERSION = YES_AGGRESSIVE;
				CLANG_CXX_LANGUAGE_STANDARD = "gnu++14";
				CLANG_CXX_LIBRARY = "libc++";
				CLANG_ENABLE_MODULES = YES;
				CLANG_ENABLE_OBJC_ARC = YES;
				CLANG_ENABLE_OBJC_WEAK = YES;
				CLANG_WARN_BLOCK_CAPTURE_AUTORELEASING = YES;
				CLANG_WARN_BOOL_CONVERSION = YES;
				CLANG_WARN_COMMA = YES;
				CLANG_WARN_CONSTANT_CONVERSION = YES;
				CLANG_WARN_DEPRECATED_OBJC_IMPLEMENTATIONS = YES;
				CLANG_WARN_DIRECT_OBJC_ISA_USAGE = YES_ERROR;
				CLANG_WARN_DOCUMENTATION_COMMENTS = YES;
				CLANG_WARN_EMPTY_BODY = YES;
				CLANG_WARN_ENUM_CONVERSION = YES;
				CLANG_WARN_INFINITE_RECURSION = YES;
				CLANG_WARN_INT_CONVERSION = YES;
				CLANG_WARN_NON_LITERAL_NULL_CONVERSION = YES;
				CLANG_WARN_OBJC_IMPLICIT_RETAIN_SELF = YES;
				CLANG_WARN_OBJC_LITERAL_CONVERSION = YES;
				CLANG_WARN_OBJC_ROOT_CLASS = YES_ERROR;
				CLANG_WARN_RANGE_LOOP_ANALYSIS = YES;
				CLANG_WARN_STRICT_PROTOTYPES = YES;
				CLANG_WARN_SUSPICIOUS_MOVE = YES;
				CLANG_WARN_UNGUARDED_AVAILABILITY = YES_AGGRESSIVE;
				CLANG_WARN_UNREACHABLE_CODE = YES;
				CLANG_WARN__DUPLICATE_METHOD_MATCH = YES;
				CODE_SIGN_IDENTITY = "iPhone Developer";
				COPY_PHASE_STRIP = NO;
				DEBUG_INFORMATION_FORMAT = dwarf;
				ENABLE_STRICT_OBJC_MSGSEND = YES;
				ENABLE_TESTABILITY = YES;
				GCC_C_LANGUAGE_STANDARD = gnu11;
				GCC_DYNAMIC_NO_PIC = NO;
				GCC_NO_COMMON_BLOCKS = YES;
				GCC_OPTIMIZATION_LEVEL = 0;
				GCC_PREPROCESSOR_DEFINITIONS = (
					"DEBUG=1",
					"$(inherited)",
				);
				GCC_WARN_64_TO_32_BIT_CONVERSION = YES;
				GCC_WARN_ABOUT_RETURN_TYPE = YES_ERROR;
				GCC_WARN_UNDECLARED_SELECTOR = YES;
				GCC_WARN_UNINITIALIZED_AUTOS = YES_AGGRESSIVE;
				GCC_WARN_UNUSED_FUNCTION = YES;
				GCC_WARN_UNUSED_VARIABLE = YES;
				IPHONEOS_DEPLOYMENT_TARGET = 12.1;
				MTL_ENABLE_DEBUG_INFO = INCLUDE_SOURCE;
				MTL_FAST_MATH = YES;
				ONLY_ACTIVE_ARCH = YES;
				SDKROOT = iphoneos;
				SWIFT_ACTIVE_COMPILATION_CONDITIONS = DEBUG;
				SWIFT_OPTIMIZATION_LEVEL = "-Onone";
			};
			name = Debug;
		};
		83E16874220C7DE100D68E6D /* Release */ = {
			isa = XCBuildConfiguration;
			buildSettings = {
				ALWAYS_SEARCH_USER_PATHS = NO;
				CLANG_ANALYZER_NONNULL = YES;
				CLANG_ANALYZER_NUMBER_OBJECT_CONVERSION = YES_AGGRESSIVE;
				CLANG_CXX_LANGUAGE_STANDARD = "gnu++14";
				CLANG_CXX_LIBRARY = "libc++";
				CLANG_ENABLE_MODULES = YES;
				CLANG_ENABLE_OBJC_ARC = YES;
				CLANG_ENABLE_OBJC_WEAK = YES;
				CLANG_WARN_BLOCK_CAPTURE_AUTORELEASING = YES;
				CLANG_WARN_BOOL_CONVERSION = YES;
				CLANG_WARN_COMMA = YES;
				CLANG_WARN_CONSTANT_CONVERSION = YES;
				CLANG_WARN_DEPRECATED_OBJC_IMPLEMENTATIONS = YES;
				CLANG_WARN_DIRECT_OBJC_ISA_USAGE = YES_ERROR;
				CLANG_WARN_DOCUMENTATION_COMMENTS = YES;
				CLANG_WARN_EMPTY_BODY = YES;
				CLANG_WARN_ENUM_CONVERSION = YES;
				CLANG_WARN_INFINITE_RECURSION = YES;
				CLANG_WARN_INT_CONVERSION = YES;
				CLANG_WARN_NON_LITERAL_NULL_CONVERSION = YES;
				CLANG_WARN_OBJC_IMPLICIT_RETAIN_SELF = YES;
				CLANG_WARN_OBJC_LITERAL_CONVERSION = YES;
				CLANG_WARN_OBJC_ROOT_CLASS = YES_ERROR;
				CLANG_WARN_RANGE_LOOP_ANALYSIS = YES;
				CLANG_WARN_STRICT_PROTOTYPES = YES;
				CLANG_WARN_SUSPICIOUS_MOVE = YES;
				CLANG_WARN_UNGUARDED_AVAILABILITY = YES_AGGRESSIVE;
				CLANG_WARN_UNREACHABLE_CODE = YES;
				CLANG_WARN__DUPLICATE_METHOD_MATCH = YES;
				CODE_SIGN_IDENTITY = "iPhone Developer";
				COPY_PHASE_STRIP = NO;
				DEBUG_INFORMATION_FORMAT = "dwarf-with-dsym";
				ENABLE_NS_ASSERTIONS = NO;
				ENABLE_STRICT_OBJC_MSGSEND = YES;
				GCC_C_LANGUAGE_STANDARD = gnu11;
				GCC_NO_COMMON_BLOCKS = YES;
				GCC_WARN_64_TO_32_BIT_CONVERSION = YES;
				GCC_WARN_ABOUT_RETURN_TYPE = YES_ERROR;
				GCC_WARN_UNDECLARED_SELECTOR = YES;
				GCC_WARN_UNINITIALIZED_AUTOS = YES_AGGRESSIVE;
				GCC_WARN_UNUSED_FUNCTION = YES;
				GCC_WARN_UNUSED_VARIABLE = YES;
				IPHONEOS_DEPLOYMENT_TARGET = 12.1;
				MTL_ENABLE_DEBUG_INFO = NO;
				MTL_FAST_MATH = YES;
				SDKROOT = iphoneos;
				SWIFT_COMPILATION_MODE = wholemodule;
				SWIFT_OPTIMIZATION_LEVEL = "-O";
				VALIDATE_PRODUCT = YES;
			};
			name = Release;
		};
		83E16876220C7DE100D68E6D /* Debug */ = {
			isa = XCBuildConfiguration;
			buildSettings = {
				ASSETCATALOG_COMPILER_APPICON_NAME = AppIcon;
				CODE_SIGN_STYLE = Automatic;
				FRAMEWORK_SEARCH_PATHS = (
					"$(inherited)",
					"$(PROJECT_DIR)/CustomTB",
				);
				INFOPLIST_FILE = CustomTB/Info.plist;
				LD_RUNPATH_SEARCH_PATHS = (
					"$(inherited)",
					"@executable_path/Frameworks",
				);
				PRODUCT_BUNDLE_IDENTIFIER = PVS.CustomTB;
				PRODUCT_NAME = "$(TARGET_NAME)";
				SWIFT_VERSION = 4.2;
				TARGETED_DEVICE_FAMILY = "1,2";
			};
			name = Debug;
		};
		83E16877220C7DE100D68E6D /* Release */ = {
			isa = XCBuildConfiguration;
			buildSettings = {
				ASSETCATALOG_COMPILER_APPICON_NAME = AppIcon;
				CODE_SIGN_STYLE = Automatic;
				FRAMEWORK_SEARCH_PATHS = (
					"$(inherited)",
					"$(PROJECT_DIR)/CustomTB",
				);
				INFOPLIST_FILE = CustomTB/Info.plist;
				LD_RUNPATH_SEARCH_PATHS = (
					"$(inherited)",
					"@executable_path/Frameworks",
				);
				PRODUCT_BUNDLE_IDENTIFIER = PVS.CustomTB;
				PRODUCT_NAME = "$(TARGET_NAME)";
				SWIFT_VERSION = 4.2;
				TARGETED_DEVICE_FAMILY = "1,2";
			};
			name = Release;
		};
		83E16879220C7DE100D68E6D /* Debug */ = {
			isa = XCBuildConfiguration;
			buildSettings = {
				ALWAYS_EMBED_SWIFT_STANDARD_LIBRARIES = YES;
				BUNDLE_LOADER = "$(TEST_HOST)";
				CODE_SIGN_STYLE = Automatic;
				INFOPLIST_FILE = CustomTBTests/Info.plist;
				LD_RUNPATH_SEARCH_PATHS = (
					"$(inherited)",
					"@executable_path/Frameworks",
					"@loader_path/Frameworks",
				);
				PRODUCT_BUNDLE_IDENTIFIER = PVS.CustomTBTests;
				PRODUCT_NAME = "$(TARGET_NAME)";
				SWIFT_VERSION = 4.2;
				TARGETED_DEVICE_FAMILY = "1,2";
				TEST_HOST = "$(BUILT_PRODUCTS_DIR)/CustomTB.app/CustomTB";
			};
			name = Debug;
		};
		83E1687A220C7DE100D68E6D /* Release */ = {
			isa = XCBuildConfiguration;
			buildSettings = {
				ALWAYS_EMBED_SWIFT_STANDARD_LIBRARIES = YES;
				BUNDLE_LOADER = "$(TEST_HOST)";
				CODE_SIGN_STYLE = Automatic;
				INFOPLIST_FILE = CustomTBTests/Info.plist;
				LD_RUNPATH_SEARCH_PATHS = (
					"$(inherited)",
					"@executable_path/Frameworks",
					"@loader_path/Frameworks",
				);
				PRODUCT_BUNDLE_IDENTIFIER = PVS.CustomTBTests;
				PRODUCT_NAME = "$(TARGET_NAME)";
				SWIFT_VERSION = 4.2;
				TARGETED_DEVICE_FAMILY = "1,2";
				TEST_HOST = "$(BUILT_PRODUCTS_DIR)/CustomTB.app/CustomTB";
			};
			name = Release;
		};
		83E1687C220C7DE100D68E6D /* Debug */ = {
			isa = XCBuildConfiguration;
			buildSettings = {
				ALWAYS_EMBED_SWIFT_STANDARD_LIBRARIES = YES;
				CODE_SIGN_STYLE = Automatic;
				INFOPLIST_FILE = CustomTBUITests/Info.plist;
				LD_RUNPATH_SEARCH_PATHS = (
					"$(inherited)",
					"@executable_path/Frameworks",
					"@loader_path/Frameworks",
				);
				PRODUCT_BUNDLE_IDENTIFIER = PVS.CustomTBUITests;
				PRODUCT_NAME = "$(TARGET_NAME)";
				SWIFT_VERSION = 4.2;
				TARGETED_DEVICE_FAMILY = "1,2";
				TEST_TARGET_NAME = CustomTB;
			};
			name = Debug;
		};
		83E1687D220C7DE100D68E6D /* Release */ = {
			isa = XCBuildConfiguration;
			buildSettings = {
				ALWAYS_EMBED_SWIFT_STANDARD_LIBRARIES = YES;
				CODE_SIGN_STYLE = Automatic;
				INFOPLIST_FILE = CustomTBUITests/Info.plist;
				LD_RUNPATH_SEARCH_PATHS = (
					"$(inherited)",
					"@executable_path/Frameworks",
					"@loader_path/Frameworks",
				);
				PRODUCT_BUNDLE_IDENTIFIER = PVS.CustomTBUITests;
				PRODUCT_NAME = "$(TARGET_NAME)";
				SWIFT_VERSION = 4.2;
				TARGETED_DEVICE_FAMILY = "1,2";
				TEST_TARGET_NAME = CustomTB;
			};
			name = Release;
		};
/* End XCBuildConfiguration section */

/* Begin XCConfigurationList section */
		83E16848220C7DDC00D68E6D /* Build configuration list for PBXProject "CustomTB" */ = {
			isa = XCConfigurationList;
			buildConfigurations = (
				83E16873220C7DE100D68E6D /* Debug */,
				83E16874220C7DE100D68E6D /* Release */,
			);
			defaultConfigurationIsVisible = 0;
			defaultConfigurationName = Release;
		};
		83E16875220C7DE100D68E6D /* Build configuration list for PBXNativeTarget "CustomTB" */ = {
			isa = XCConfigurationList;
			buildConfigurations = (
				83E16876220C7DE100D68E6D /* Debug */,
				83E16877220C7DE100D68E6D /* Release */,
			);
			defaultConfigurationIsVisible = 0;
			defaultConfigurationName = Release;
		};
		83E16878220C7DE100D68E6D /* Build configuration list for PBXNativeTarget "CustomTBTests" */ = {
			isa = XCConfigurationList;
			buildConfigurations = (
				83E16879220C7DE100D68E6D /* Debug */,
				83E1687A220C7DE100D68E6D /* Release */,
			);
			defaultConfigurationIsVisible = 0;
			defaultConfigurationName = Release;
		};
		83E1687B220C7DE100D68E6D /* Build configuration list for PBXNativeTarget "CustomTBUITests" */ = {
			isa = XCConfigurationList;
			buildConfigurations = (
				83E1687C220C7DE100D68E6D /* Debug */,
				83E1687D220C7DE100D68E6D /* Release */,
			);
			defaultConfigurationIsVisible = 0;
			defaultConfigurationName = Release;
		};
/* End XCConfigurationList section */
	};
	rootObject = 83E16845220C7DDC00D68E6D /* Project object */;
}
